
Microsoft Visual Studio Solution File, Format Version 12.00
Project("{2150E333-8FDC-42A3-9474-1A3956D46DE8}") = "SolutionItems", "SolutionItems", "{893B88D8-8624-4E9C-9BF4-EF8C99A4DFD4}"
	ProjectSection(SolutionItems) = preProject
		global.json = global.json
		README.md = README.md
		src\docker-compose.yml = src\docker-compose.yml
		src\docker-compose.override.yml = src\docker-compose.override.yml
		src\makefile = src\makefile
	EndProjectSection
EndProject
Project("{2150E333-8FDC-42A3-9474-1A3956D46DE8}") = "src", "src", "{7D2FB206-4D92-4785-8A97-0D6CAE65464E}"
EndProject
Project("{2150E333-8FDC-42A3-9474-1A3956D46DE8}") = "tests", "tests", "{00100A53-A9BD-43D1-A0F0-B96F1B74C30B}"
EndProject
Project("{2150E333-8FDC-42A3-9474-1A3956D46DE8}") = "ApiGateways", "ApiGateways", "{35BD5D69-8469-49D1-BF6F-CE81FAA421C4}"
EndProject
Project("{2150E333-8FDC-42A3-9474-1A3956D46DE8}") = "BuildingBlocks", "BuildingBlocks", "{8D0885C2-4A4F-4FC1-A284-BC79B05CF42C}"
EndProject
Project("{2150E333-8FDC-42A3-9474-1A3956D46DE8}") = "Services", "Services", "{550F4D98-C800-4F8C-AEE5-A2ACAE3CD8D2}"
EndProject
Project("{2150E333-8FDC-42A3-9474-1A3956D46DE8}") = "WebApps", "WebApps", "{F2B4DA77-DA58-4344-8939-12F6E16E36CB}"
EndProject
Project("{FAE04EC0-301F-11D3-BF4B-00C04F79EFBC}") = "Common.Logging", "src\building_block\Common.Logging\Common.Logging.csproj", "{17A3B777-DCC2-44DD-8E8B-6AD22FE9184D}"
EndProject
Project("{FAE04EC0-301F-11D3-BF4B-00C04F79EFBC}") = "EventBus.Messages", "src\building_block\EventBus.Messages\EventBus.Messages.csproj", "{639640E5-03E8-4889-8BD5-ED0C3A0E576D}"
EndProject
Project("{2150E333-8FDC-42A3-9474-1A3956D46DE8}") = "Product", "Product", "{84C03AF2-558B-4EF0-9826-E1E64518E350}"
EndProject
Project("{2150E333-8FDC-42A3-9474-1A3956D46DE8}") = "Customer", "Customer", "{B78F1EB0-2E4C-4ED6-B7BA-A756D3B925FE}"
EndProject
Project("{2150E333-8FDC-42A3-9474-1A3956D46DE8}") = "Basket", "Basket", "{C74C037F-71FD-4DA5-B295-B58C184DC9B1}"
EndProject
Project("{2150E333-8FDC-42A3-9474-1A3956D46DE8}") = "Ordering", "Ordering", "{3EE86D10-1387-477A-844B-F88922D47324}"
EndProject
Project("{2150E333-8FDC-42A3-9474-1A3956D46DE8}") = "Inventory", "Inventory", "{55CA1809-9DB5-4F9A-BC66-A614DD88C917}"
EndProject
Project("{2150E333-8FDC-42A3-9474-1A3956D46DE8}") = "ScheduledJob", "ScheduledJob", "{9A255E21-C0FF-439F-B247-8C2BA4B128EA}"
EndProject
Project("{FAE04EC0-301F-11D3-BF4B-00C04F79EFBC}") = "WebHealthStatus", "src\web_app\WebHealthStatus\WebHealthStatus.csproj", "{58B343E4-BC7C-47E7-A6E0-504419D0E28B}"
EndProject
Project("{FAE04EC0-301F-11D3-BF4B-00C04F79EFBC}") = "Basket.Api", "src\services\Basket.Api\Basket.Api.csproj", "{6FEDFFB8-BE0B-48FB-A8DC-A95B60493EB0}"
EndProject
Project("{FAE04EC0-301F-11D3-BF4B-00C04F79EFBC}") = "Customer.Api", "src\services\Customer.Api\Customer.Api.csproj", "{5CFA6B48-6A82-4AA6-A17C-87AE324291D8}"
EndProject
Project("{FAE04EC0-301F-11D3-BF4B-00C04F79EFBC}") = "Inventory.Api", "src\services\Inventory.Api\Inventory.Api.csproj", "{62F69CD4-959E-4956-9601-930D6BCC3637}"
EndProject
Project("{FAE04EC0-301F-11D3-BF4B-00C04F79EFBC}") = "Ordering.Api", "src\services\Ordering.Api\Ordering.Api.csproj", "{1CD09703-F7A6-458D-BA96-05B06A13630D}"
EndProject
Project("{FAE04EC0-301F-11D3-BF4B-00C04F79EFBC}") = "Product.Api", "src\services\Product.Api\Product.Api.csproj", "{F562E487-277E-4B4A-BFFA-35D121B5B419}"
EndProject
Project("{FAE04EC0-301F-11D3-BF4B-00C04F79EFBC}") = "Hangfire.api", "src\services\Hangfire.api\Hangfire.api.csproj", "{D1A14D00-5E13-43E9-9275-AD9499695DAC}"
EndProject
Project("{FAE04EC0-301F-11D3-BF4B-00C04F79EFBC}") = "Contracts", "src\building_block\Contracts\Contracts.csproj", "{2C136845-B76E-4EE7-9DA4-7015247FF69C}"
EndProject
Project("{FAE04EC0-301F-11D3-BF4B-00C04F79EFBC}") = "Infrastructure", "src\building_block\Infrastructure\Infrastructure.csproj", "{E886F866-CB55-441F-BC19-42ACB11BCC0B}"
EndProject
Project("{FAE04EC0-301F-11D3-BF4B-00C04F79EFBC}") = "Shared", "src\building_block\Shared\Shared.csproj", "{1FE5DC5F-73C0-4041-AB03-E67DE4676241}"
EndProject
Project("{FAE04EC0-301F-11D3-BF4B-00C04F79EFBC}") = "OcelotApiGateway", "src\apigateways\OcelotApiGateway\OcelotApiGateway.csproj", "{57C8F0F6-4ACF-45E9-B3AF-0281BB0660A4}"
EndProject
Global
	GlobalSection(SolutionConfigurationPlatforms) = preSolution
		Debug|Any CPU = Debug|Any CPU
		Release|Any CPU = Release|Any CPU
	EndGlobalSection
	GlobalSection(NestedProjects) = preSolution
		{35BD5D69-8469-49D1-BF6F-CE81FAA421C4} = {7D2FB206-4D92-4785-8A97-0D6CAE65464E}
		{8D0885C2-4A4F-4FC1-A284-BC79B05CF42C} = {7D2FB206-4D92-4785-8A97-0D6CAE65464E}
		{550F4D98-C800-4F8C-AEE5-A2ACAE3CD8D2} = {7D2FB206-4D92-4785-8A97-0D6CAE65464E}
		{F2B4DA77-DA58-4344-8939-12F6E16E36CB} = {7D2FB206-4D92-4785-8A97-0D6CAE65464E}
		{17A3B777-DCC2-44DD-8E8B-6AD22FE9184D} = {8D0885C2-4A4F-4FC1-A284-BC79B05CF42C}
		{639640E5-03E8-4889-8BD5-ED0C3A0E576D} = {8D0885C2-4A4F-4FC1-A284-BC79B05CF42C}
		{84C03AF2-558B-4EF0-9826-E1E64518E350} = {550F4D98-C800-4F8C-AEE5-A2ACAE3CD8D2}
		{B78F1EB0-2E4C-4ED6-B7BA-A756D3B925FE} = {550F4D98-C800-4F8C-AEE5-A2ACAE3CD8D2}
		{C74C037F-71FD-4DA5-B295-B58C184DC9B1} = {550F4D98-C800-4F8C-AEE5-A2ACAE3CD8D2}
		{3EE86D10-1387-477A-844B-F88922D47324} = {550F4D98-C800-4F8C-AEE5-A2ACAE3CD8D2}
		{55CA1809-9DB5-4F9A-BC66-A614DD88C917} = {550F4D98-C800-4F8C-AEE5-A2ACAE3CD8D2}
		{9A255E21-C0FF-439F-B247-8C2BA4B128EA} = {550F4D98-C800-4F8C-AEE5-A2ACAE3CD8D2}
		{58B343E4-BC7C-47E7-A6E0-504419D0E28B} = {F2B4DA77-DA58-4344-8939-12F6E16E36CB}
		{6FEDFFB8-BE0B-48FB-A8DC-A95B60493EB0} = {C74C037F-71FD-4DA5-B295-B58C184DC9B1}
		{5CFA6B48-6A82-4AA6-A17C-87AE324291D8} = {B78F1EB0-2E4C-4ED6-B7BA-A756D3B925FE}
		{62F69CD4-959E-4956-9601-930D6BCC3637} = {55CA1809-9DB5-4F9A-BC66-A614DD88C917}
		{1CD09703-F7A6-458D-BA96-05B06A13630D} = {3EE86D10-1387-477A-844B-F88922D47324}
		{F562E487-277E-4B4A-BFFA-35D121B5B419} = {84C03AF2-558B-4EF0-9826-E1E64518E350}
		{D1A14D00-5E13-43E9-9275-AD9499695DAC} = {9A255E21-C0FF-439F-B247-8C2BA4B128EA}
		{2C136845-B76E-4EE7-9DA4-7015247FF69C} = {8D0885C2-4A4F-4FC1-A284-BC79B05CF42C}
		{E886F866-CB55-441F-BC19-42ACB11BCC0B} = {8D0885C2-4A4F-4FC1-A284-BC79B05CF42C}
		{1FE5DC5F-73C0-4041-AB03-E67DE4676241} = {8D0885C2-4A4F-4FC1-A284-BC79B05CF42C}
		{57C8F0F6-4ACF-45E9-B3AF-0281BB0660A4} = {35BD5D69-8469-49D1-BF6F-CE81FAA421C4}
	EndGlobalSection
	GlobalSection(ProjectConfigurationPlatforms) = postSolution
		{17A3B777-DCC2-44DD-8E8B-6AD22FE9184D}.Debug|Any CPU.ActiveCfg = Debug|Any CPU
		{17A3B777-DCC2-44DD-8E8B-6AD22FE9184D}.Debug|Any CPU.Build.0 = Debug|Any CPU
		{17A3B777-DCC2-44DD-8E8B-6AD22FE9184D}.Release|Any CPU.ActiveCfg = Release|Any CPU
		{17A3B777-DCC2-44DD-8E8B-6AD22FE9184D}.Release|Any CPU.Build.0 = Release|Any CPU
		{639640E5-03E8-4889-8BD5-ED0C3A0E576D}.Debug|Any CPU.ActiveCfg = Debug|Any CPU
		{639640E5-03E8-4889-8BD5-ED0C3A0E576D}.Debug|Any CPU.Build.0 = Debug|Any CPU
		{639640E5-03E8-4889-8BD5-ED0C3A0E576D}.Release|Any CPU.ActiveCfg = Release|Any CPU
		{639640E5-03E8-4889-8BD5-ED0C3A0E576D}.Release|Any CPU.Build.0 = Release|Any CPU
		{58B343E4-BC7C-47E7-A6E0-504419D0E28B}.Debug|Any CPU.ActiveCfg = Debug|Any CPU
		{58B343E4-BC7C-47E7-A6E0-504419D0E28B}.Debug|Any CPU.Build.0 = Debug|Any CPU
		{58B343E4-BC7C-47E7-A6E0-504419D0E28B}.Release|Any CPU.ActiveCfg = Release|Any CPU
		{58B343E4-BC7C-47E7-A6E0-504419D0E28B}.Release|Any CPU.Build.0 = Release|Any CPU
		{6FEDFFB8-BE0B-48FB-A8DC-A95B60493EB0}.Debug|Any CPU.ActiveCfg = Debug|Any CPU
		{6FEDFFB8-BE0B-48FB-A8DC-A95B60493EB0}.Debug|Any CPU.Build.0 = Debug|Any CPU
		{6FEDFFB8-BE0B-48FB-A8DC-A95B60493EB0}.Release|Any CPU.ActiveCfg = Release|Any CPU
		{6FEDFFB8-BE0B-48FB-A8DC-A95B60493EB0}.Release|Any CPU.Build.0 = Release|Any CPU
		{5CFA6B48-6A82-4AA6-A17C-87AE324291D8}.Debug|Any CPU.ActiveCfg = Debug|Any CPU
		{5CFA6B48-6A82-4AA6-A17C-87AE324291D8}.Debug|Any CPU.Build.0 = Debug|Any CPU
		{5CFA6B48-6A82-4AA6-A17C-87AE324291D8}.Release|Any CPU.ActiveCfg = Release|Any CPU
		{5CFA6B48-6A82-4AA6-A17C-87AE324291D8}.Release|Any CPU.Build.0 = Release|Any CPU
		{62F69CD4-959E-4956-9601-930D6BCC3637}.Debug|Any CPU.ActiveCfg = Debug|Any CPU
		{62F69CD4-959E-4956-9601-930D6BCC3637}.Debug|Any CPU.Build.0 = Debug|Any CPU
		{62F69CD4-959E-4956-9601-930D6BCC3637}.Release|Any CPU.ActiveCfg = Release|Any CPU
		{62F69CD4-959E-4956-9601-930D6BCC3637}.Release|Any CPU.Build.0 = Release|Any CPU
		{1CD09703-F7A6-458D-BA96-05B06A13630D}.Debug|Any CPU.ActiveCfg = Debug|Any CPU
		{1CD09703-F7A6-458D-BA96-05B06A13630D}.Debug|Any CPU.Build.0 = Debug|Any CPU
		{1CD09703-F7A6-458D-BA96-05B06A13630D}.Release|Any CPU.ActiveCfg = Release|Any CPU
		{1CD09703-F7A6-458D-BA96-05B06A13630D}.Release|Any CPU.Build.0 = Release|Any CPU
		{F562E487-277E-4B4A-BFFA-35D121B5B419}.Debug|Any CPU.ActiveCfg = Debug|Any CPU
		{F562E487-277E-4B4A-BFFA-35D121B5B419}.Debug|Any CPU.Build.0 = Debug|Any CPU
		{F562E487-277E-4B4A-BFFA-35D121B5B419}.Release|Any CPU.ActiveCfg = Release|Any CPU
		{F562E487-277E-4B4A-BFFA-35D121B5B419}.Release|Any CPU.Build.0 = Release|Any CPU
		{D1A14D00-5E13-43E9-9275-AD9499695DAC}.Debug|Any CPU.ActiveCfg = Debug|Any CPU
		{D1A14D00-5E13-43E9-9275-AD9499695DAC}.Debug|Any CPU.Build.0 = Debug|Any CPU
		{D1A14D00-5E13-43E9-9275-AD9499695DAC}.Release|Any CPU.ActiveCfg = Release|Any CPU
		{D1A14D00-5E13-43E9-9275-AD9499695DAC}.Release|Any CPU.Build.0 = Release|Any CPU
		{2C136845-B76E-4EE7-9DA4-7015247FF69C}.Debug|Any CPU.ActiveCfg = Debug|Any CPU
		{2C136845-B76E-4EE7-9DA4-7015247FF69C}.Debug|Any CPU.Build.0 = Debug|Any CPU
		{2C136845-B76E-4EE7-9DA4-7015247FF69C}.Release|Any CPU.ActiveCfg = Release|Any CPU
		{2C136845-B76E-4EE7-9DA4-7015247FF69C}.Release|Any CPU.Build.0 = Release|Any CPU
		{E886F866-CB55-441F-BC19-42ACB11BCC0B}.Debug|Any CPU.ActiveCfg = Debug|Any CPU
		{E886F866-CB55-441F-BC19-42ACB11BCC0B}.Debug|Any CPU.Build.0 = Debug|Any CPU
		{E886F866-CB55-441F-BC19-42ACB11BCC0B}.Release|Any CPU.ActiveCfg = Release|Any CPU
		{E886F866-CB55-441F-BC19-42ACB11BCC0B}.Release|Any CPU.Build.0 = Release|Any CPU
		{1FE5DC5F-73C0-4041-AB03-E67DE4676241}.Debug|Any CPU.ActiveCfg = Debug|Any CPU
		{1FE5DC5F-73C0-4041-AB03-E67DE4676241}.Debug|Any CPU.Build.0 = Debug|Any CPU
		{1FE5DC5F-73C0-4041-AB03-E67DE4676241}.Release|Any CPU.ActiveCfg = Release|Any CPU
		{1FE5DC5F-73C0-4041-AB03-E67DE4676241}.Release|Any CPU.Build.0 = Release|Any CPU
		{57C8F0F6-4ACF-45E9-B3AF-0281BB0660A4}.Debug|Any CPU.ActiveCfg = Debug|Any CPU
		{57C8F0F6-4ACF-45E9-B3AF-0281BB0660A4}.Debug|Any CPU.Build.0 = Debug|Any CPU
		{57C8F0F6-4ACF-45E9-B3AF-0281BB0660A4}.Release|Any CPU.ActiveCfg = Release|Any CPU
		{57C8F0F6-4ACF-45E9-B3AF-0281BB0660A4}.Release|Any CPU.Build.0 = Release|Any CPU
	EndGlobalSection
EndGlobal
